
Microsoft Visual Studio Solution File, Format Version 12.00
# Visual Studio Version 17
VisualStudioVersion = 17.4.33122.133
MinimumVisualStudioVersion = 10.0.40219.1
Project("{FAE04EC0-301F-11D3-BF4B-00C04F79EFBC}") = "BudgetBuddyUI", "BudgetBuddyUI\BudgetBuddyUI.csproj", "{610E5955-0A7B-43A6-81DC-F9F9B26DE36E}"
EndProject
Global
	GlobalSection(SolutionConfigurationPlatforms) = preSolution
		Debug|Any CPU = Debug|Any CPU
		Release|Any CPU = Release|Any CPU
	EndGlobalSection
	GlobalSection(ProjectConfigurationPlatforms) = postSolution
		{610E5955-0A7B-43A6-81DC-F9F9B26DE36E}.Debug|Any CPU.ActiveCfg = Debug|Any CPU
		{610E5955-0A7B-43A6-81DC-F9F9B26DE36E}.Debug|Any CPU.Build.0 = Debug|Any CPU
		{610E5955-0A7B-43A6-81DC-F9F9B26DE36E}.Release|Any CPU.ActiveCfg = Release|Any CPU
		{610E5955-0A7B-43A6-81DC-F9F9B26DE36E}.Release|Any CPU.Build.0 = Release|Any CPU
	EndGlobalSection
	GlobalSection(SolutionProperties) = preSolution
		HideSolutionNode = FALSE
	EndGlobalSection
	GlobalSection(ExtensibilityGlobals) = postSolution
		SolutionGuid = {711F5988-6104-482E-89A0-635851A13AAB}
	EndGlobalSection
EndGlobal
